// !$*UTF8*$!
{
	archiveVersion = 1;
	classes = {
	};
	objectVersion = 50;
	objects = {

/* Begin PBXBuildFile section */
		FC672E7421100427007D2FB8 /* AppDelegate.swift in Sources */ = {isa = PBXBuildFile; fileRef = FC672E7321100427007D2FB8 /* AppDelegate.swift */; };
		FC672E7621100427007D2FB8 /* ViewController.swift in Sources */ = {isa = PBXBuildFile; fileRef = FC672E7521100427007D2FB8 /* ViewController.swift */; };
		FC672E7921100427007D2FB8 /* Main.storyboard in Resources */ = {isa = PBXBuildFile; fileRef = FC672E7721100427007D2FB8 /* Main.storyboard */; };
		FC672E7B21100428007D2FB8 /* Assets.xcassets in Resources */ = {isa = PBXBuildFile; fileRef = FC672E7A21100428007D2FB8 /* Assets.xcassets */; };
		FC672E7E21100428007D2FB8 /* LaunchScreen.storyboard in Resources */ = {isa = PBXBuildFile; fileRef = FC672E7C21100428007D2FB8 /* LaunchScreen.storyboard */; };
		FC672E86211004B6007D2FB8 /* Inceptionv3.mlmodel in Sources */ = {isa = PBXBuildFile; fileRef = FC672E85211004B6007D2FB8 /* Inceptionv3.mlmodel */; };
/* End PBXBuildFile section */

/* Begin PBXFileReference section */
		FC672E7021100427007D2FB8 /* SeeFood.app */ = {isa = PBXFileReference; explicitFileType = wrapper.application; includeInIndex = 0; path = SeeFood.app; sourceTree = BUILT_PRODUCTS_DIR; };
		FC672E7321100427007D2FB8 /* AppDelegate.swift */ = {isa = PBXFileReference; lastKnownFileType = sourcecode.swift; path = AppDelegate.swift; sourceTree = "<group>"; };
		FC672E7521100427007D2FB8 /* ViewController.swift */ = {isa = PBXFileReference; lastKnownFileType = sourcecode.swift; path = ViewController.swift; sourceTree = "<group>"; };
		FC672E7821100427007D2FB8 /* Base */ = {isa = PBXFileReference; lastKnownFileType = file.storyboard; name = Base; path = Base.lproj/Main.storyboard; sourceTree = "<group>"; };
		FC672E7A21100428007D2FB8 /* Assets.xcassets */ = {isa = PBXFileReference; lastKnownFileType = folder.assetcatalog; path = Assets.xcassets; sourceTree = "<group>"; };
		FC672E7D21100428007D2FB8 /* Base */ = {isa = PBXFileReference; lastKnownFileType = file.storyboard; name = Base; path = Base.lproj/LaunchScreen.storyboard; sourceTree = "<group>"; };
		FC672E7F21100429007D2FB8 /* Info.plist */ = {isa = PBXFileReference; lastKnownFileType = text.plist.xml; path = Info.plist; sourceTree = "<group>"; };
		FC672E85211004B6007D2FB8 /* Inceptionv3.mlmodel */ = {isa = PBXFileReference; lastKnownFileType = file.mlmodel; path = Inceptionv3.mlmodel; sourceTree = "<group>"; };
/* End PBXFileReference section */

/* Begin PBXFrameworksBuildPhase section */
		FC672E6D21100427007D2FB8 /* Frameworks */ = {
			isa = PBXFrameworksBuildPhase;
			buildActionMask = 2147483647;
			files = (
			);
			runOnlyForDeploymentPostprocessing = 0;
		};
/* End PBXFrameworksBuildPhase section */

/* Begin PBXGroup section */
		FC672E6721100427007D2FB8 = {
			isa = PBXGroup;
			children = (
				FC672E7221100427007D2FB8 /* SeeFood */,
				FC672E7121100427007D2FB8 /* Products */,
			);
			sourceTree = "<group>";
		};
		FC672E7121100427007D2FB8 /* Products */ = {
			isa = PBXGroup;
			children = (
				FC672E7021100427007D2FB8 /* SeeFood.app */,
			);
			name = Products;
			sourceTree = "<group>";
		};
		FC672E7221100427007D2FB8 /* SeeFood */ = {
			isa = PBXGroup;
			children = (
				FC672E7321100427007D2FB8 /* AppDelegate.swift */,
				FC672E7521100427007D2FB8 /* ViewController.swift */,
				FC672E7721100427007D2FB8 /* Main.storyboard */,
				FC672E7A21100428007D2FB8 /* Assets.xcassets */,
				FC672E7C21100428007D2FB8 /* LaunchScreen.storyboard */,
				FC672E7F21100429007D2FB8 /* Info.plist */,
				FC672E85211004B6007D2FB8 /* Inceptionv3.mlmodel */,
			);
			path = SeeFood;
			sourceTree = "<group>";
		};
/* End PBXGroup section */

/* Begin PBXNativeTarget section */
		FC672E6F21100427007D2FB8 /* SeeFood */ = {
			isa = PBXNativeTarget;
			buildConfigurationList = FC672E8221100429007D2FB8 /* Build configuration list for PBXNativeTarget "SeeFood" */;
			buildPhases = (
				FC672E6C21100427007D2FB8 /* Sources */,
				FC672E6D21100427007D2FB8 /* Frameworks */,
				FC672E6E21100427007D2FB8 /* Resources */,
			);
			buildRules = (
			);
			dependencies = (
			);
			name = SeeFood;
			productName = SeeFood;
			productReference = FC672E7021100427007D2FB8 /* SeeFood.app */;
			productType = "com.apple.product-type.application";
		};
/* End PBXNativeTarget section */

/* Begin PBXProject section */
		FC672E6821100427007D2FB8 /* Project object */ = {
			isa = PBXProject;
			attributes = {
				LastSwiftUpdateCheck = 0940;
				LastUpgradeCheck = 0940;
				ORGANIZATIONNAME = "Dylan Williamson";
				TargetAttributes = {
					FC672E6F21100427007D2FB8 = {
						CreatedOnToolsVersion = 9.4.1;
					};
				};
			};
			buildConfigurationList = FC672E6B21100427007D2FB8 /* Build configuration list for PBXProject "SeeFood" */;
			compatibilityVersion = "Xcode 9.3";
			developmentRegion = en;
			hasScannedForEncodings = 0;
			knownRegions = (
				en,
				Base,
			);
			mainGroup = FC672E6721100427007D2FB8;
			productRefGroup = FC672E7121100427007D2FB8 /* Products */;
			projectDirPath = "";
			projectRoot = "";
			targets = (
				FC672E6F21100427007D2FB8 /* SeeFood */,
			);
		};
/* End PBXProject section */

/* Begin PBXResourcesBuildPhase section */
		FC672E6E21100427007D2FB8 /* Resources */ = {
			isa = PBXResourcesBuildPhase;
			buildActionMask = 2147483647;
			files = (
				FC672E7E21100428007D2FB8 /* LaunchScreen.storyboard in Resources */,
				FC672E7B21100428007D2FB8 /* Assets.xcassets in Resources */,
				FC672E7921100427007D2FB8 /* Main.storyboard in Resources */,
			);
			runOnlyForDeploymentPostprocessing = 0;
		};
/* End PBXResourcesBuildPhase section */

/* Begin PBXSourcesBuildPhase section */
		FC672E6C21100427007D2FB8 /* Sources */ = {
			isa = PBXSourcesBuildPhase;
			buildActionMask = 2147483647;
			files = (
				FC672E7621100427007D2FB8 /* ViewController.swift in Sources */,
				FC672E86211004B6007D2FB8 /* Inceptionv3.mlmodel in Sources */,
				FC672E7421100427007D2FB8 /* AppDelegate.swift in Sources */,
			);
			runOnlyForDeploymentPostprocessing = 0;
		};
/* End PBXSourcesBuildPhase section */

/* Begin PBXVariantGroup section */
		FC672E7721100427007D2FB8 /* Main.storyboard */ = {
			isa = PBXVariantGroup;
			children = (
				FC672E7821100427007D2FB8 /* Base */,
			);
			name = Main.storyboard;
			sourceTree = "<group>";
		};
		FC672E7C21100428007D2FB8 /* LaunchScreen.storyboard */ = {
			isa = PBXVariantGroup;
			children = (
				FC672E7D21100428007D2FB8 /* Base */,
			);
			name = LaunchScreen.storyboard;
			sourceTree = "<group>";
		};
/* End PBXVariantGroup section */

/* Begin XCBuildConfiguration section */
		FC672E8021100429007D2FB8 /* Debug */ = {
			isa = XCBuildConfiguration;
			buildSettings = {
				ALWAYS_SEARCH_USER_PATHS = NO;
				CLANG_ANALYZER_NONNULL = YES;
				CLANG_ANALYZER_NUMBER_OBJECT_CONVERSION = YES_AGGRESSIVE;
				CLANG_CXX_LANGUAGE_STANDARD = "gnu++14";
				CLANG_CXX_LIBRARY = "libc++";
				CLANG_ENABLE_MODULES = YES;
				CLANG_ENABLE_OBJC_ARC = YES;
				CLANG_ENABLE_OBJC_WEAK = YES;
				CLANG_WARN_BLOCK_CAPTURE_AUTORELEASING = YES;
				CLANG_WARN_BOOL_CONVERSION = YES;
				CLANG_WARN_COMMA = YES;
				CLANG_WARN_CONSTANT_CONVERSION = YES;
				CLANG_WARN_DEPRECATED_OBJC_IMPLEMENTATIONS = YES;
				CLANG_WARN_DIRECT_OBJC_ISA_USAGE = YES_ERROR;
				CLANG_WARN_DOCUMENTATION_COMMENTS = YES;
				CLANG_WARN_EMPTY_BODY = YES;
				CLANG_WARN_ENUM_CONVERSION = YES;
				CLANG_WARN_INFINITE_RECURSION = YES;
				CLANG_WARN_INT_CONVERSION = YES;
				CLANG_WARN_NON_LITERAL_NULL_CONVERSION = YES;
				CLANG_WARN_OBJC_IMPLICIT_RETAIN_SELF = YES;
				CLANG_WARN_OBJC_LITERAL_CONVERSION = YES;
				CLANG_WARN_OBJC_ROOT_CLASS = YES_ERROR;
				CLANG_WARN_RANGE_LOOP_ANALYSIS = YES;
				CLANG_WARN_STRICT_PROTOTYPES = YES;
				CLANG_WARN_SUSPICIOUS_MOVE = YES;
				CLANG_WARN_UNGUARDED_AVAILABILITY = YES_AGGRESSIVE;
				CLANG_WARN_UNREACHABLE_CODE = YES;
				CLANG_WARN__DUPLICATE_METHOD_MATCH = YES;
				CODE_SIGN_IDENTITY = "iPhone Developer";
				COPY_PHASE_STRIP = NO;
				DEBUG_INFORMATION_FORMAT = dwarf;
				ENABLE_STRICT_OBJC_MSGSEND = YES;
				ENABLE_TESTABILITY = YES;
				GCC_C_LANGUAGE_STANDARD = gnu11;
				GCC_DYNAMIC_NO_PIC = NO;
				GCC_NO_COMMON_BLOCKS = YES;
				GCC_OPTIMIZATION_LEVEL = 0;
				GCC_PREPROCESSOR_DEFINITIONS = (
					"DEBUG=1",
					"$(inherited)",
				);
				GCC_WARN_64_TO_32_BIT_CONVERSION = YES;
				GCC_WARN_ABOUT_RETURN_TYPE = YES_ERROR;
				GCC_WARN_UNDECLARED_SELECTOR = YES;
				GCC_WARN_UNINITIALIZED_AUTOS = YES_AGGRESSIVE;
				GCC_WARN_UNUSED_FUNCTION = YES;
				GCC_WARN_UNUSED_VARIABLE = YES;
				IPHONEOS_DEPLOYMENT_TARGET = 11.4;
				MTL_ENABLE_DEBUG_INFO = YES;
				ONLY_ACTIVE_ARCH = YES;
				SDKROOT = iphoneos;
				SWIFT_ACTIVE_COMPILATION_CONDITIONS = DEBUG;
				SWIFT_OPTIMIZATION_LEVEL = "-Onone";
			};
			name = Debug;
		};
		FC672E8121100429007D2FB8 /* Release */ = {
			isa = XCBuildConfiguration;
			buildSettings = {
				ALWAYS_SEARCH_USER_PATHS = NO;
				CLANG_ANALYZER_NONNULL = YES;
				CLANG_ANALYZER_NUMBER_OBJECT_CONVERSION = YES_AGGRESSIVE;
				CLANG_CXX_LANGUAGE_STANDARD = "gnu++14";
				CLANG_CXX_LIBRARY = "libc++";
				CLANG_ENABLE_MODULES = YES;
				CLANG_ENABLE_OBJC_ARC = YES;
				CLANG_ENABLE_OBJC_WEAK = YES;
				CLANG_WARN_BLOCK_CAPTURE_AUTORELEASING = YES;
				CLANG_WARN_BOOL_CONVERSION = YES;
				CLANG_WARN_COMMA = YES;
				CLANG_WARN_CONSTANT_CONVERSION = YES;
				CLANG_WARN_DEPRECATED_OBJC_IMPLEMENTATIONS = YES;
				CLANG_WARN_DIRECT_OBJC_ISA_USAGE = YES_ERROR;
				CLANG_WARN_DOCUMENTATION_COMMENTS = YES;
				CLANG_WARN_EMPTY_BODY = YES;
				CLANG_WARN_ENUM_CONVERSION = YES;
				CLANG_WARN_INFINITE_RECURSION = YES;
				CLANG_WARN_INT_CONVERSION = YES;
				CLANG_WARN_NON_LITERAL_NULL_CONVERSION = YES;
				CLANG_WARN_OBJC_IMPLICIT_RETAIN_SELF = YES;
				CLANG_WARN_OBJC_LITERAL_CONVERSION = YES;
				CLANG_WARN_OBJC_ROOT_CLASS = YES_ERROR;
				CLANG_WARN_RANGE_LOOP_ANALYSIS = YES;
				CLANG_WARN_STRICT_PROTOTYPES = YES;
				CLANG_WARN_SUSPICIOUS_MOVE = YES;
				CLANG_WARN_UNGUARDED_AVAILABILITY = YES_AGGRESSIVE;
				CLANG_WARN_UNREACHABLE_CODE = YES;
				CLANG_WARN__DUPLICATE_METHOD_MATCH = YES;
				CODE_SIGN_IDENTITY = "iPhone Developer";
				COPY_PHASE_STRIP = NO;
				DEBUG_INFORMATION_FORMAT = "dwarf-with-dsym";
				ENABLE_NS_ASSERTIONS = NO;
				ENABLE_STRICT_OBJC_MSGSEND = YES;
				GCC_C_LANGUAGE_STANDARD = gnu11;
				GCC_NO_COMMON_BLOCKS = YES;
				GCC_WARN_64_TO_32_BIT_CONVERSION = YES;
				GCC_WARN_ABOUT_RETURN_TYPE = YES_ERROR;
				GCC_WARN_UNDECLARED_SELECTOR = YES;
				GCC_WARN_UNINITIALIZED_AUTOS = YES_AGGRESSIVE;
				GCC_WARN_UNUSED_FUNCTION = YES;
				GCC_WARN_UNUSED_VARIABLE = YES;
				IPHONEOS_DEPLOYMENT_TARGET = 11.4;
				MTL_ENABLE_DEBUG_INFO = NO;
				SDKROOT = iphoneos;
				SWIFT_COMPILATION_MODE = wholemodule;
				SWIFT_OPTIMIZATION_LEVEL = "-O";
				VALIDATE_PRODUCT = YES;
			};
			name = Release;
		};
		FC672E8321100429007D2FB8 /* Debug */ = {
			isa = XCBuildConfiguration;
			buildSettings = {
				ASSETCATALOG_COMPILER_APPICON_NAME = AppIcon;
				CODE_SIGN_STYLE = Automatic;
				DEVELOPMENT_TEAM = FWFC7CL2XG;
				INFOPLIST_FILE = SeeFood/Info.plist;
				LD_RUNPATH_SEARCH_PATHS = (
					"$(inherited)",
					"@executable_path/Frameworks",
				);
				PRODUCT_BUNDLE_IDENTIFIER = com.dylanwithgravity.SeeFood;
				PRODUCT_NAME = "$(TARGET_NAME)";
				SWIFT_VERSION = 4.0;
				TARGETED_DEVICE_FAMILY = "1,2";
			};
			name = Debug;
		};
		FC672E8421100429007D2FB8 /* Release */ = {
			isa = XCBuildConfiguration;
			buildSettings = {
				ASSETCATALOG_COMPILER_APPICON_NAME = AppIcon;
				CODE_SIGN_STYLE = Automatic;
				DEVELOPMENT_TEAM = FWFC7CL2XG;
				INFOPLIST_FILE = SeeFood/Info.plist;
				LD_RUNPATH_SEARCH_PATHS = (
					"$(inherited)",
					"@executable_path/Frameworks",
				);
				PRODUCT_BUNDLE_IDENTIFIER = com.dylanwithgravity.SeeFood;
				PRODUCT_NAME = "$(TARGET_NAME)";
				SWIFT_VERSION = 4.0;
				TARGETED_DEVICE_FAMILY = "1,2";
			};
			name = Release;
		};
/* End XCBuildConfiguration section */

/* Begin XCConfigurationList section */
		FC672E6B21100427007D2FB8 /* Build configuration list for PBXProject "SeeFood" */ = {
			isa = XCConfigurationList;
			buildConfigurations = (
				FC672E8021100429007D2FB8 /* Debug */,
				FC672E8121100429007D2FB8 /* Release */,
			);
			defaultConfigurationIsVisible = 0;
			defaultConfigurationName = Release;
		};
		FC672E8221100429007D2FB8 /* Build configuration list for PBXNativeTarget "SeeFood" */ = {
			isa = XCConfigurationList;
			buildConfigurations = (
				FC672E8321100429007D2FB8 /* Debug */,
				FC672E8421100429007D2FB8 /* Release */,
			);
			defaultConfigurationIsVisible = 0;
			defaultConfigurationName = Release;
		};
/* End XCConfigurationList section */
	};
	rootObject = FC672E6821100427007D2FB8 /* Project object */;
}
